
Microsoft Visual Studio Solution File, Format Version 12.00
# Visual Studio Version 17
VisualStudioVersion = 17.3.32922.545
MinimumVisualStudioVersion = 10.0.40219.1
Project("{FAE04EC0-301F-11D3-BF4B-00C04F79EFBC}") = "TrainProject", "TrainProject\TrainProject.csproj", "{24193BC3-5D12-4AB1-902C-AC5820D6DC90}"
EndProject
Global
	GlobalSection(SolutionConfigurationPlatforms) = preSolution
		Debug|Any CPU = Debug|Any CPU
		Release|Any CPU = Release|Any CPU
	EndGlobalSection
	GlobalSection(ProjectConfigurationPlatforms) = postSolution
		{24193BC3-5D12-4AB1-902C-AC5820D6DC90}.Debug|Any CPU.ActiveCfg = Debug|Any CPU
		{24193BC3-5D12-4AB1-902C-AC5820D6DC90}.Debug|Any CPU.Build.0 = Debug|Any CPU
		{24193BC3-5D12-4AB1-902C-AC5820D6DC90}.Release|Any CPU.ActiveCfg = Release|Any CPU
		{24193BC3-5D12-4AB1-902C-AC5820D6DC90}.Release|Any CPU.Build.0 = Release|Any CPU
	EndGlobalSection
	GlobalSection(SolutionProperties) = preSolution
		HideSolutionNode = FALSE
	EndGlobalSection
	GlobalSection(ExtensibilityGlobals) = postSolution
		SolutionGuid = {6A4ABAD3-7B15-4C1C-9AF4-5097BE7DFCA5}
	EndGlobalSection
EndGlobal
